PODS:
  - Flutter (1.0.0)
  - flutter_incall_manager (0.0.1):
    - Flutter

DEPENDENCIES:
  - Flutter (from `Flutter`)
  - flutter_incall_manager (from `.symlinks/plugins/flutter_incall_manager/ios`)

EXTERNAL SOURCES:
  Flutter:
    :path: Flutter
  flutter_incall_manager:
    :path: ".symlinks/plugins/flutter_incall_manager/ios"

SPEC CHECKSUMS:
  Flutter: 0e3d915762c693b495b44d77113d4970485de6ec
  flutter_incall_manager: 1a6aea8d37fb46d63aaa30ac7ea225e121704eab

PODFILE CHECKSUM: 8e679eca47255a8ca8067c4c67aab20e64cb974d

COCOAPODS: 1.10.2
